{
  "name": "ttk_game",
  "version": "1.1.0",
  "lockfileVersion": 1,
  "requires": true,
  "dependencies": {
    "ttk_library": {
      "version": "1.1.1",
      "resolved": "https://registry.npmjs.org/ttk_library/-/ttk_library-1.1.1.tgz",
      "integrity": "sha512-2U4hWGN5kk4WSl6lRecDIYBETDCDIRdyeNafmdNIXkX6bfY7/vDL63BqaHuVakNiDdBiFLOe8qukgM0gtw6Y0Q=="
    }
  }
}
