{
  "name": "ttk_game",
  "version": "1.0.0",
  "lockfileVersion": 1,
  "requires": true,
  "dependencies": {
    "ttk_library": {
      "version": "1.0.0",
      "resolved": "https://registry.npmjs.org/ttk_library/-/ttk_library-1.0.0.tgz",
      "integrity": "sha512-Ve5LewfYZKkFAJIuYuM5BYYH4eXY08WHznwgZMx2gHaKxZaSweJQECkAC8gMXy/jDgm84E4JTQ8iOhsJhdmowQ=="
    }
  }
}
